
Microsoft Visual Studio Solution File, Format Version 12.00
# Visual Studio Version 17
VisualStudioVersion = 17.1.32228.430
MinimumVisualStudioVersion = 10.0.40219.1
Project("{FAE04EC0-301F-11D3-BF4B-00C04F79EFBC}") = "ElectionManagementSystem", "ElectionManagementSystem\ElectionManagementSystem.csproj", "{964DCC67-C7A7-428E-BE73-77C8EF35B297}"
EndProject
Global
	GlobalSection(SolutionConfigurationPlatforms) = preSolution
		Debug|Any CPU = Debug|Any CPU
		Release|Any CPU = Release|Any CPU
	EndGlobalSection
	GlobalSection(ProjectConfigurationPlatforms) = postSolution
		{964DCC67-C7A7-428E-BE73-77C8EF35B297}.Debug|Any CPU.ActiveCfg = Debug|Any CPU
		{964DCC67-C7A7-428E-BE73-77C8EF35B297}.Debug|Any CPU.Build.0 = Debug|Any CPU
		{964DCC67-C7A7-428E-BE73-77C8EF35B297}.Release|Any CPU.ActiveCfg = Release|Any CPU
		{964DCC67-C7A7-428E-BE73-77C8EF35B297}.Release|Any CPU.Build.0 = Release|Any CPU
	EndGlobalSection
	GlobalSection(SolutionProperties) = preSolution
		HideSolutionNode = FALSE
	EndGlobalSection
	GlobalSection(ExtensibilityGlobals) = postSolution
		SolutionGuid = {565177DA-35A2-40A0-985A-9FDC55823EFB}
	EndGlobalSection
EndGlobal
